
Microsoft Visual Studio Solution File, Format Version 11.00
# Visual Studio 2010
Project("{FAE04EC0-301F-11D3-BF4B-00C04F79EFBC}") = "facility", "facility\facility.csproj", "{DC51E397-F87C-4A33-B0B0-72794FD26B3F}"
EndProject
Global
	GlobalSection(SolutionConfigurationPlatforms) = preSolution
		Debug|x86 = Debug|x86
		Release|x86 = Release|x86
	EndGlobalSection
	GlobalSection(ProjectConfigurationPlatforms) = postSolution
		{DC51E397-F87C-4A33-B0B0-72794FD26B3F}.Debug|x86.ActiveCfg = Debug|x86
		{DC51E397-F87C-4A33-B0B0-72794FD26B3F}.Debug|x86.Build.0 = Debug|x86
		{DC51E397-F87C-4A33-B0B0-72794FD26B3F}.Release|x86.ActiveCfg = Release|x86
		{DC51E397-F87C-4A33-B0B0-72794FD26B3F}.Release|x86.Build.0 = Release|x86
	EndGlobalSection
	GlobalSection(SolutionProperties) = preSolution
		HideSolutionNode = FALSE
	EndGlobalSection
EndGlobal
